# This file was autogenerated by Stack.
# You should not edit this file by hand.
# For more information, please see the documentation at:
#   https://docs.haskellstack.org/en/stable/lock_files

packages:
- completed:
    hackage: persistent-2.13.1.1@sha256:c8044134d3001b7a06703c821fece7d071e195979ad0eb02805ffaf099e28a2d,6521
    pantry-tree:
      size: 5695
      sha256: 79514f441de0a2361242cdc05d313b3e7876d466b8c735192799a676ec7674f0
  original:
    hackage: persistent-2.13.1.1
- completed:
    hackage: persistent-postgresql-2.13.0.3@sha256:43384bf8ed9c931c673e6abb763c8811113d1b7004095faaae1eb42e2cd52d8f,3601
    pantry-tree:
      size: 1059
      sha256: 2d647a17372e42bc54331cfb35f5a55a71e6854dac8299b7ed6a1c69ae12734d
  original:
    hackage: persistent-postgresql-2.13.0.3
- completed:
    hackage: lift-type-0.1.0.1@sha256:6e38e49bf086fd2203346417d96ad2e6c300d8d8f41d222780abdccc7a4e451b,1106
    pantry-tree:
      size: 361
      sha256: 9de4bdc6ce32b78c28b4bce75b5b2e488bf0f875a136ae269a02df804eb94a1a
  original:
    hackage: lift-type-0.1.0.1
snapshots:
- completed:
    size: 567241
    url: https://raw.githubusercontent.com/commercialhaskell/stackage-snapshots/master/lts/17/10.yaml
    sha256: 321b3b9f0c7f76994b39e0dabafdc76478274b4ff74cc5e43d410897a335ad3b
  original: lts-17.10
